// !$*UTF8*$!
{
	archiveVersion = 1;
	classes = {
	};
	objectVersion = 46;
	objects = {

/* Begin PBXBuildFile section */
		050DE7861588719900966FD7 /* Foundation.framework in Frameworks */ = {isa = PBXBuildFile; fileRef = 050DE7851588719900966FD7 /* Foundation.framework */; };
		050DE7881588719900966FD7 /* UIKit.framework in Frameworks */ = {isa = PBXBuildFile; fileRef = 050DE7871588719900966FD7 /* UIKit.framework */; };
		050DE78A1588719900966FD7 /* CoreGraphics.framework in Frameworks */ = {isa = PBXBuildFile; fileRef = 050DE7891588719900966FD7 /* CoreGraphics.framework */; };
		050DE78C1588719900966FD7 /* AddressBook.framework in Frameworks */ = {isa = PBXBuildFile; fileRef = 050DE78B1588719900966FD7 /* AddressBook.framework */; };
		050DE78E1588719900966FD7 /* AddressBookUI.framework in Frameworks */ = {isa = PBXBuildFile; fileRef = 050DE78D1588719900966FD7 /* AddressBookUI.framework */; };
		050DE7901588719900966FD7 /* AudioToolbox.framework in Frameworks */ = {isa = PBXBuildFile; fileRef = 050DE78F1588719900966FD7 /* AudioToolbox.framework */; };
		050DE7921588719900966FD7 /* AVFoundation.framework in Frameworks */ = {isa = PBXBuildFile; fileRef = 050DE7911588719900966FD7 /* AVFoundation.framework */; };
		050DE7941588719900966FD7 /* CoreLocation.framework in Frameworks */ = {isa = PBXBuildFile; fileRef = 050DE7931588719900966FD7 /* CoreLocation.framework */; };
		050DE7961588719900966FD7 /* MediaPlayer.framework in Frameworks */ = {isa = PBXBuildFile; fileRef = 050DE7951588719900966FD7 /* MediaPlayer.framework */; };
		050DE7981588719900966FD7 /* QuartzCore.framework in Frameworks */ = {isa = PBXBuildFile; fileRef = 050DE7971588719900966FD7 /* QuartzCore.framework */; };
		050DE79A1588719900966FD7 /* SystemConfiguration.framework in Frameworks */ = {isa = PBXBuildFile; fileRef = 050DE7991588719900966FD7 /* SystemConfiguration.framework */; };
		050DE79C1588719900966FD7 /* MobileCoreServices.framework in Frameworks */ = {isa = PBXBuildFile; fileRef = 050DE79B1588719900966FD7 /* MobileCoreServices.framework */; };
		050DE79E1588719900966FD7 /* CoreMedia.framework in Frameworks */ = {isa = PBXBuildFile; fileRef = 050DE79D1588719900966FD7 /* CoreMedia.framework */; };
		050DE7A41588719900966FD7 /* InfoPlist.strings in Resources */ = {isa = PBXBuildFile; fileRef = 050DE7A21588719900966FD7 /* InfoPlist.strings */; };
		050DE7A61588719900966FD7 /* main.m in Sources */ = {isa = PBXBuildFile; fileRef = 050DE7A51588719900966FD7 /* main.m */; };
		050DE7A91588719900966FD7 /* Cordova.framework in Frameworks */ = {isa = PBXBuildFile; fileRef = 050DE7A81588719900966FD7 /* Cordova.framework */; };
		050DE7AE1588719900966FD7 /* Localizable.strings in Resources */ = {isa = PBXBuildFile; fileRef = 050DE7AC1588719900966FD7 /* Localizable.strings */; };
		050DE7B21588719900966FD7 /* Localizable.strings in Resources */ = {isa = PBXBuildFile; fileRef = 050DE7B01588719900966FD7 /* Localizable.strings */; };
		050DE7B61588719A00966FD7 /* Localizable.strings in Resources */ = {isa = PBXBuildFile; fileRef = 050DE7B41588719A00966FD7 /* Localizable.strings */; };
		050DE7BA1588719A00966FD7 /* Localizable.strings in Resources */ = {isa = PBXBuildFile; fileRef = 050DE7B81588719A00966FD7 /* Localizable.strings */; };
		050DE7BD1588719A00966FD7 /* icon.png in Resources */ = {isa = PBXBuildFile; fileRef = 050DE7BC1588719A00966FD7 /* icon.png */; };
		050DE7BF1588719A00966FD7 /* icon@2x.png in Resources */ = {isa = PBXBuildFile; fileRef = 050DE7BE1588719A00966FD7 /* icon@2x.png */; };
		050DE7C11588719A00966FD7 /* icon-72.png in Resources */ = {isa = PBXBuildFile; fileRef = 050DE7C01588719A00966FD7 /* icon-72.png */; };
		050DE7C41588719A00966FD7 /* Default~iphone.png in Resources */ = {isa = PBXBuildFile; fileRef = 050DE7C31588719A00966FD7 /* Default~iphone.png */; };
		050DE7C61588719A00966FD7 /* Default@2x~iphone.png in Resources */ = {isa = PBXBuildFile; fileRef = 050DE7C51588719A00966FD7 /* Default@2x~iphone.png */; };
		050DE7C81588719A00966FD7 /* Capture.bundle in Resources */ = {isa = PBXBuildFile; fileRef = 050DE7C71588719A00966FD7 /* Capture.bundle */; };
		050DE7CA1588719A00966FD7 /* Cordova.plist in Resources */ = {isa = PBXBuildFile; fileRef = 050DE7C91588719A00966FD7 /* Cordova.plist */; };
		050DE7CE1588719A00966FD7 /* AppDelegate.m in Sources */ = {isa = PBXBuildFile; fileRef = 050DE7CD1588719A00966FD7 /* AppDelegate.m */; };
		050DE7D11588719A00966FD7 /* MainViewController.m in Sources */ = {isa = PBXBuildFile; fileRef = 050DE7D01588719A00966FD7 /* MainViewController.m */; };
		050DE7D31588719A00966FD7 /* MainViewController.xib in Resources */ = {isa = PBXBuildFile; fileRef = 050DE7D21588719A00966FD7 /* MainViewController.xib */; };
		050DE7D71588719A00966FD7 /* verify.sh in Resources */ = {isa = PBXBuildFile; fileRef = 050DE7D61588719A00966FD7 /* verify.sh */; };
/* End PBXBuildFile section */

/* Begin PBXFileReference section */
		050DE7811588719900966FD7 /* jqmcalculator-ios.app */ = {isa = PBXFileReference; explicitFileType = wrapper.application; includeInIndex = 0; path = "jqmcalculator-ios.app"; sourceTree = BUILT_PRODUCTS_DIR; };
		050DE7851588719900966FD7 /* Foundation.framework */ = {isa = PBXFileReference; lastKnownFileType = wrapper.framework; name = Foundation.framework; path = System/Library/Frameworks/Foundation.framework; sourceTree = SDKROOT; };
		050DE7871588719900966FD7 /* UIKit.framework */ = {isa = PBXFileReference; lastKnownFileType = wrapper.framework; name = UIKit.framework; path = System/Library/Frameworks/UIKit.framework; sourceTree = SDKROOT; };
		050DE7891588719900966FD7 /* CoreGraphics.framework */ = {isa = PBXFileReference; lastKnownFileType = wrapper.framework; name = CoreGraphics.framework; path = System/Library/Frameworks/CoreGraphics.framework; sourceTree = SDKROOT; };
		050DE78B1588719900966FD7 /* AddressBook.framework */ = {isa = PBXFileReference; lastKnownFileType = wrapper.framework; name = AddressBook.framework; path = System/Library/Frameworks/AddressBook.framework; sourceTree = SDKROOT; };
		050DE78D1588719900966FD7 /* AddressBookUI.framework */ = {isa = PBXFileReference; lastKnownFileType = wrapper.framework; name = AddressBookUI.framework; path = System/Library/Frameworks/AddressBookUI.framework; sourceTree = SDKROOT; };
		050DE78F1588719900966FD7 /* AudioToolbox.framework */ = {isa = PBXFileReference; lastKnownFileType = wrapper.framework; name = AudioToolbox.framework; path = System/Library/Frameworks/AudioToolbox.framework; sourceTree = SDKROOT; };
		050DE7911588719900966FD7 /* AVFoundation.framework */ = {isa = PBXFileReference; lastKnownFileType = wrapper.framework; name = AVFoundation.framework; path = System/Library/Frameworks/AVFoundation.framework; sourceTree = SDKROOT; };
		050DE7931588719900966FD7 /* CoreLocation.framework */ = {isa = PBXFileReference; lastKnownFileType = wrapper.framework; name = CoreLocation.framework; path = System/Library/Frameworks/CoreLocation.framework; sourceTree = SDKROOT; };
		050DE7951588719900966FD7 /* MediaPlayer.framework */ = {isa = PBXFileReference; lastKnownFileType = wrapper.framework; name = MediaPlayer.framework; path = System/Library/Frameworks/MediaPlayer.framework; sourceTree = SDKROOT; };
		050DE7971588719900966FD7 /* QuartzCore.framework */ = {isa = PBXFileReference; lastKnownFileType = wrapper.framework; name = QuartzCore.framework; path = System/Library/Frameworks/QuartzCore.framework; sourceTree = SDKROOT; };
		050DE7991588719900966FD7 /* SystemConfiguration.framework */ = {isa = PBXFileReference; lastKnownFileType = wrapper.framework; name = SystemConfiguration.framework; path = System/Library/Frameworks/SystemConfiguration.framework; sourceTree = SDKROOT; };
		050DE79B1588719900966FD7 /* MobileCoreServices.framework */ = {isa = PBXFileReference; lastKnownFileType = wrapper.framework; name = MobileCoreServices.framework; path = System/Library/Frameworks/MobileCoreServices.framework; sourceTree = SDKROOT; };
		050DE79D1588719900966FD7 /* CoreMedia.framework */ = {isa = PBXFileReference; lastKnownFileType = wrapper.framework; name = CoreMedia.framework; path = System/Library/Frameworks/CoreMedia.framework; sourceTree = SDKROOT; };
		050DE7A11588719900966FD7 /* jqmcalculator-ios-Info.plist */ = {isa = PBXFileReference; lastKnownFileType = text.plist.xml; path = "jqmcalculator-ios-Info.plist"; sourceTree = "<group>"; };
		050DE7A31588719900966FD7 /* en */ = {isa = PBXFileReference; lastKnownFileType = text.plist.strings; name = en; path = en.lproj/InfoPlist.strings; sourceTree = "<group>"; };
		050DE7A51588719900966FD7 /* main.m */ = {isa = PBXFileReference; lastKnownFileType = sourcecode.c.objc; path = main.m; sourceTree = "<group>"; };
		050DE7A71588719900966FD7 /* jqmcalculator-ios-Prefix.pch */ = {isa = PBXFileReference; lastKnownFileType = sourcecode.c.h; path = "jqmcalculator-ios-Prefix.pch"; sourceTree = "<group>"; };
		050DE7A81588719900966FD7 /* Cordova.framework */ = {isa = PBXFileReference; lastKnownFileType = wrapper.framework; name = Cordova.framework; path = /Users/Shared/Cordova/Frameworks/Cordova.framework; sourceTree = "<absolute>"; };
		050DE7AD1588719900966FD7 /* en */ = {isa = PBXFileReference; lastKnownFileType = text.plist.strings; name = en; path = Resources/en.lproj/Localizable.strings; sourceTree = "<group>"; };
		050DE7B11588719900966FD7 /* es */ = {isa = PBXFileReference; lastKnownFileType = text.plist.strings; name = es; path = Resources/es.lproj/Localizable.strings; sourceTree = "<group>"; };
		050DE7B51588719A00966FD7 /* de */ = {isa = PBXFileReference; lastKnownFileType = text.plist.strings; name = de; path = Resources/de.lproj/Localizable.strings; sourceTree = "<group>"; };
		050DE7B91588719A00966FD7 /* se */ = {isa = PBXFileReference; lastKnownFileType = text.plist.strings; name = se; path = Resources/se.lproj/Localizable.strings; sourceTree = "<group>"; };
		050DE7BC1588719A00966FD7 /* icon.png */ = {isa = PBXFileReference; lastKnownFileType = image.png; name = icon.png; path = Resources/icons/icon.png; sourceTree = "<group>"; };
		050DE7BE1588719A00966FD7 /* icon@2x.png */ = {isa = PBXFileReference; lastKnownFileType = image.png; name = "icon@2x.png"; path = "Resources/icons/icon@2x.png"; sourceTree = "<group>"; };
		050DE7C01588719A00966FD7 /* icon-72.png */ = {isa = PBXFileReference; lastKnownFileType = image.png; name = "icon-72.png"; path = "Resources/icons/icon-72.png"; sourceTree = "<group>"; };
		050DE7C31588719A00966FD7 /* Default~iphone.png */ = {isa = PBXFileReference; lastKnownFileType = image.png; name = "Default~iphone.png"; path = "Resources/splash/Default~iphone.png"; sourceTree = "<group>"; };
		050DE7C51588719A00966FD7 /* Default@2x~iphone.png */ = {isa = PBXFileReference; lastKnownFileType = image.png; name = "Default@2x~iphone.png"; path = "Resources/splash/Default@2x~iphone.png"; sourceTree = "<group>"; };
		050DE7C71588719A00966FD7 /* Capture.bundle */ = {isa = PBXFileReference; lastKnownFileType = "wrapper.plug-in"; name = Capture.bundle; path = Resources/Capture.bundle; sourceTree = "<group>"; };
		050DE7C91588719A00966FD7 /* Cordova.plist */ = {isa = PBXFileReference; lastKnownFileType = text.plist.xml; path = Cordova.plist; sourceTree = "<group>"; };
		050DE7CC1588719A00966FD7 /* AppDelegate.h */ = {isa = PBXFileReference; lastKnownFileType = sourcecode.c.h; name = AppDelegate.h; path = Classes/AppDelegate.h; sourceTree = "<group>"; };
		050DE7CD1588719A00966FD7 /* AppDelegate.m */ = {isa = PBXFileReference; lastKnownFileType = sourcecode.c.objc; name = AppDelegate.m; path = Classes/AppDelegate.m; sourceTree = "<group>"; };
		050DE7CF1588719A00966FD7 /* MainViewController.h */ = {isa = PBXFileReference; lastKnownFileType = sourcecode.c.h; name = MainViewController.h; path = Classes/MainViewController.h; sourceTree = "<group>"; };
		050DE7D01588719A00966FD7 /* MainViewController.m */ = {isa = PBXFileReference; lastKnownFileType = sourcecode.c.objc; name = MainViewController.m; path = Classes/MainViewController.m; sourceTree = "<group>"; };
		050DE7D21588719A00966FD7 /* MainViewController.xib */ = {isa = PBXFileReference; lastKnownFileType = file.xib; name = MainViewController.xib; path = Classes/MainViewController.xib; sourceTree = "<group>"; };
		050DE7D51588719A00966FD7 /* README */ = {isa = PBXFileReference; lastKnownFileType = text; name = README; path = Plugins/README; sourceTree = "<group>"; };
		050DE7D61588719A00966FD7 /* verify.sh */ = {isa = PBXFileReference; lastKnownFileType = text.script.sh; path = verify.sh; sourceTree = "<group>"; };
/* End PBXFileReference section */

/* Begin PBXFrameworksBuildPhase section */
		050DE77B1588719900966FD7 /* Frameworks */ = {
			isa = PBXFrameworksBuildPhase;
			buildActionMask = 2147483647;
			files = (
				050DE7861588719900966FD7 /* Foundation.framework in Frameworks */,
				050DE7881588719900966FD7 /* UIKit.framework in Frameworks */,
				050DE78A1588719900966FD7 /* CoreGraphics.framework in Frameworks */,
				050DE78C1588719900966FD7 /* AddressBook.framework in Frameworks */,
				050DE78E1588719900966FD7 /* AddressBookUI.framework in Frameworks */,
				050DE7901588719900966FD7 /* AudioToolbox.framework in Frameworks */,
				050DE7921588719900966FD7 /* AVFoundation.framework in Frameworks */,
				050DE7941588719900966FD7 /* CoreLocation.framework in Frameworks */,
				050DE7961588719900966FD7 /* MediaPlayer.framework in Frameworks */,
				050DE7981588719900966FD7 /* QuartzCore.framework in Frameworks */,
				050DE79A1588719900966FD7 /* SystemConfiguration.framework in Frameworks */,
				050DE79C1588719900966FD7 /* MobileCoreServices.framework in Frameworks */,
				050DE79E1588719900966FD7 /* CoreMedia.framework in Frameworks */,
				050DE7A91588719900966FD7 /* Cordova.framework in Frameworks */,
			);
			runOnlyForDeploymentPostprocessing = 0;
		};
		050DE77E1588719900966FD7 /* Frameworks */ = {
			isa = PBXFrameworksBuildPhase;
			buildActionMask = 2147483647;
			files = (
			);
			runOnlyForDeploymentPostprocessing = 0;
		};
/* End PBXFrameworksBuildPhase section */

/* Begin PBXGroup section */
		050DE7731588719900966FD7 = {
			isa = PBXGroup;
			children = (
				050DE79F1588719900966FD7 /* jqmcalculator-ios */,
				050DE7841588719900966FD7 /* Frameworks */,
				050DE7821588719900966FD7 /* Products */,
			);
			sourceTree = "<group>";
		};
		050DE7821588719900966FD7 /* Products */ = {
			isa = PBXGroup;
			children = (
				050DE7811588719900966FD7 /* jqmcalculator-ios.app */,
			);
			name = Products;
			sourceTree = "<group>";
		};
		050DE7841588719900966FD7 /* Frameworks */ = {
			isa = PBXGroup;
			children = (
				050DE7851588719900966FD7 /* Foundation.framework */,
				050DE7871588719900966FD7 /* UIKit.framework */,
				050DE7891588719900966FD7 /* CoreGraphics.framework */,
				050DE78B1588719900966FD7 /* AddressBook.framework */,
				050DE78D1588719900966FD7 /* AddressBookUI.framework */,
				050DE78F1588719900966FD7 /* AudioToolbox.framework */,
				050DE7911588719900966FD7 /* AVFoundation.framework */,
				050DE7931588719900966FD7 /* CoreLocation.framework */,
				050DE7951588719900966FD7 /* MediaPlayer.framework */,
				050DE7971588719900966FD7 /* QuartzCore.framework */,
				050DE7991588719900966FD7 /* SystemConfiguration.framework */,
				050DE79B1588719900966FD7 /* MobileCoreServices.framework */,
				050DE79D1588719900966FD7 /* CoreMedia.framework */,
			);
			name = Frameworks;
			sourceTree = "<group>";
		};
		050DE79F1588719900966FD7 /* jqmcalculator-ios */ = {
			isa = PBXGroup;
			children = (
				050DE7A81588719900966FD7 /* Cordova.framework */,
				050DE7AA1588719900966FD7 /* Resources */,
				050DE7CB1588719A00966FD7 /* Classes */,
				050DE7D41588719A00966FD7 /* Plugins */,
				050DE7A01588719900966FD7 /* Supporting Files */,
			);
			path = "jqmcalculator-ios";
			sourceTree = "<group>";
		};
		050DE7A01588719900966FD7 /* Supporting Files */ = {
			isa = PBXGroup;
			children = (
				050DE7A11588719900966FD7 /* jqmcalculator-ios-Info.plist */,
				050DE7A21588719900966FD7 /* InfoPlist.strings */,
				050DE7A51588719900966FD7 /* main.m */,
				050DE7A71588719900966FD7 /* jqmcalculator-ios-Prefix.pch */,
				050DE7C91588719A00966FD7 /* Cordova.plist */,
				050DE7D21588719A00966FD7 /* MainViewController.xib */,
				050DE7D61588719A00966FD7 /* verify.sh */,
			);
			name = "Supporting Files";
			sourceTree = "<group>";
		};
		050DE7AA1588719900966FD7 /* Resources */ = {
			isa = PBXGroup;
			children = (
				050DE7C71588719A00966FD7 /* Capture.bundle */,
				050DE7AB1588719900966FD7 /* en.lproj */,
				050DE7AF1588719900966FD7 /* es.lproj */,
				050DE7B31588719A00966FD7 /* de.lproj */,
				050DE7B71588719A00966FD7 /* se.lproj */,
				050DE7BB1588719A00966FD7 /* icons */,
				050DE7C21588719A00966FD7 /* splash */,
			);
			name = Resources;
			sourceTree = "<group>";
		};
		050DE7AB1588719900966FD7 /* en.lproj */ = {
			isa = PBXGroup;
			children = (
				050DE7AC1588719900966FD7 /* Localizable.strings */,
			);
			name = en.lproj;
			sourceTree = "<group>";
		};
		050DE7AF1588719900966FD7 /* es.lproj */ = {
			isa = PBXGroup;
			children = (
				050DE7B01588719900966FD7 /* Localizable.strings */,
			);
			name = es.lproj;
			sourceTree = "<group>";
		};
		050DE7B31588719A00966FD7 /* de.lproj */ = {
			isa = PBXGroup;
			children = (
				050DE7B41588719A00966FD7 /* Localizable.strings */,
			);
			name = de.lproj;
			sourceTree = "<group>";
		};
		050DE7B71588719A00966FD7 /* se.lproj */ = {
			isa = PBXGroup;
			children = (
				050DE7B81588719A00966FD7 /* Localizable.strings */,
			);
			name = se.lproj;
			sourceTree = "<group>";
		};
		050DE7BB1588719A00966FD7 /* icons */ = {
			isa = PBXGroup;
			children = (
				050DE7BC1588719A00966FD7 /* icon.png */,
				050DE7BE1588719A00966FD7 /* icon@2x.png */,
				050DE7C01588719A00966FD7 /* icon-72.png */,
			);
			name = icons;
			sourceTree = "<group>";
		};
		050DE7C21588719A00966FD7 /* splash */ = {
			isa = PBXGroup;
			children = (
				050DE7C31588719A00966FD7 /* Default~iphone.png */,
				050DE7C51588719A00966FD7 /* Default@2x~iphone.png */,
			);
			name = splash;
			sourceTree = "<group>";
		};
		050DE7CB1588719A00966FD7 /* Classes */ = {
			isa = PBXGroup;
			children = (
				050DE7CC1588719A00966FD7 /* AppDelegate.h */,
				050DE7CD1588719A00966FD7 /* AppDelegate.m */,
				050DE7CF1588719A00966FD7 /* MainViewController.h */,
				050DE7D01588719A00966FD7 /* MainViewController.m */,
			);
			name = Classes;
			sourceTree = "<group>";
		};
		050DE7D41588719A00966FD7 /* Plugins */ = {
			isa = PBXGroup;
			children = (
				050DE7D51588719A00966FD7 /* README */,
			);
			name = Plugins;
			sourceTree = "<group>";
		};
/* End PBXGroup section */

/* Begin PBXNativeTarget section */
		050DE7801588719900966FD7 /* jqmcalculator-ios */ = {
			isa = PBXNativeTarget;
			buildConfigurationList = 050DE7DA1588719A00966FD7 /* Build configuration list for PBXNativeTarget "jqmcalculator-ios" */;
			buildPhases = (
				050DE77A1588719900966FD7 /* Sources */,
				050DE77B1588719900966FD7 /* Frameworks */,
				050DE77C1588719900966FD7 /* Resources */,
				050DE77D1588719900966FD7 /* Sources */,
				050DE77E1588719900966FD7 /* Frameworks */,
				050DE77F1588719900966FD7 /* ShellScript */,
			);
			buildRules = (
			);
			dependencies = (
			);
			name = "jqmcalculator-ios";
			productName = "jqmcalculator-ios";
			productReference = 050DE7811588719900966FD7 /* jqmcalculator-ios.app */;
			productType = "com.apple.product-type.application";
		};
/* End PBXNativeTarget section */

/* Begin PBXProject section */
		050DE7751588719900966FD7 /* Project object */ = {
			isa = PBXProject;
			attributes = {
				LastUpgradeCheck = 0430;
				ORGANIZATIONNAME = tekadept;
			};
			buildConfigurationList = 050DE7781588719900966FD7 /* Build configuration list for PBXProject "jqmcalculator-ios" */;
			compatibilityVersion = "Xcode 3.2";
			developmentRegion = English;
			hasScannedForEncodings = 0;
			knownRegions = (
				en,
				es,
				de,
				se,
			);
			mainGroup = 050DE7731588719900966FD7;
			productRefGroup = 050DE7821588719900966FD7 /* Products */;
			projectDirPath = "";
			projectRoot = "";
			targets = (
				050DE7801588719900966FD7 /* jqmcalculator-ios */,
			);
		};
/* End PBXProject section */

/* Begin PBXResourcesBuildPhase section */
		050DE77C1588719900966FD7 /* Resources */ = {
			isa = PBXResourcesBuildPhase;
			buildActionMask = 2147483647;
			files = (
				050DE7A41588719900966FD7 /* InfoPlist.strings in Resources */,
				050DE7AE1588719900966FD7 /* Localizable.strings in Resources */,
				050DE7B21588719900966FD7 /* Localizable.strings in Resources */,
				050DE7B61588719A00966FD7 /* Localizable.strings in Resources */,
				050DE7BA1588719A00966FD7 /* Localizable.strings in Resources */,
				050DE7BD1588719A00966FD7 /* icon.png in Resources */,
				050DE7BF1588719A00966FD7 /* icon@2x.png in Resources */,
				050DE7C11588719A00966FD7 /* icon-72.png in Resources */,
				050DE7C41588719A00966FD7 /* Default~iphone.png in Resources */,
				050DE7C61588719A00966FD7 /* Default@2x~iphone.png in Resources */,
				050DE7C81588719A00966FD7 /* Capture.bundle in Resources */,
				050DE7CA1588719A00966FD7 /* Cordova.plist in Resources */,
				050DE7D31588719A00966FD7 /* MainViewController.xib in Resources */,
				050DE7D71588719A00966FD7 /* verify.sh in Resources */,
			);
			runOnlyForDeploymentPostprocessing = 0;
		};
/* End PBXResourcesBuildPhase section */

/* Begin PBXShellScriptBuildPhase section */
		050DE77F1588719900966FD7 /* ShellScript */ = {
			isa = PBXShellScriptBuildPhase;
			buildActionMask = 2147483647;
			files = (
			);
			inputPaths = (
			);
			outputPaths = (
			);
			runOnlyForDeploymentPostprocessing = 0;
			shellPath = /bin/bash;
			shellScript = "\n\t\t\t\t\t\t\t\tchmod 755 \"$PROJECT_DIR/$PROJECT_NAME/verify.sh\"\n\t\t\t\t\t\t\t\t\"$PROJECT_DIR/$PROJECT_NAME/verify.sh\"\n\t\t\t\t\t";
		};
/* End PBXShellScriptBuildPhase section */

/* Begin PBXSourcesBuildPhase section */
		050DE77A1588719900966FD7 /* Sources */ = {
			isa = PBXSourcesBuildPhase;
			buildActionMask = 2147483647;
			files = (
				050DE7A61588719900966FD7 /* main.m in Sources */,
				050DE7CE1588719A00966FD7 /* AppDelegate.m in Sources */,
				050DE7D11588719A00966FD7 /* MainViewController.m in Sources */,
			);
			runOnlyForDeploymentPostprocessing = 0;
		};
		050DE77D1588719900966FD7 /* Sources */ = {
			isa = PBXSourcesBuildPhase;
			buildActionMask = 2147483647;
			files = (
			);
			runOnlyForDeploymentPostprocessing = 0;
		};
/* End PBXSourcesBuildPhase section */

/* Begin PBXVariantGroup section */
		050DE7A21588719900966FD7 /* InfoPlist.strings */ = {
			isa = PBXVariantGroup;
			children = (
				050DE7A31588719900966FD7 /* en */,
			);
			name = InfoPlist.strings;
			sourceTree = "<group>";
		};
		050DE7AC1588719900966FD7 /* Localizable.strings */ = {
			isa = PBXVariantGroup;
			children = (
				050DE7AD1588719900966FD7 /* en */,
			);
			name = Localizable.strings;
			sourceTree = "<group>";
		};
		050DE7B01588719900966FD7 /* Localizable.strings */ = {
			isa = PBXVariantGroup;
			children = (
				050DE7B11588719900966FD7 /* es */,
			);
			name = Localizable.strings;
			sourceTree = "<group>";
		};
		050DE7B41588719A00966FD7 /* Localizable.strings */ = {
			isa = PBXVariantGroup;
			children = (
				050DE7B51588719A00966FD7 /* de */,
			);
			name = Localizable.strings;
			sourceTree = "<group>";
		};
		050DE7B81588719A00966FD7 /* Localizable.strings */ = {
			isa = PBXVariantGroup;
			children = (
				050DE7B91588719A00966FD7 /* se */,
			);
			name = Localizable.strings;
			sourceTree = "<group>";
		};
/* End PBXVariantGroup section */

/* Begin XCBuildConfiguration section */
		050DE7D81588719A00966FD7 /* Debug */ = {
			isa = XCBuildConfiguration;
			buildSettings = {
				ALWAYS_SEARCH_USER_PATHS = NO;
				ARCHS = (
					armv6,
					"$(ARCHS_STANDARD_32_BIT)",
				);
				"CODE_SIGN_IDENTITY[sdk=iphoneos*]" = "iPhone Developer";
				COPY_PHASE_STRIP = NO;
				GCC_C_LANGUAGE_STANDARD = gnu99;
				GCC_DYNAMIC_NO_PIC = NO;
				GCC_OPTIMIZATION_LEVEL = 0;
				GCC_PREPROCESSOR_DEFINITIONS = (
					"DEBUG=1",
					"$(inherited)",
				);
				GCC_SYMBOLS_PRIVATE_EXTERN = NO;
				GCC_VERSION = com.apple.compilers.llvm.clang.1_0;
				GCC_WARN_ABOUT_RETURN_TYPE = YES;
				GCC_WARN_UNINITIALIZED_AUTOS = YES;
				GCC_WARN_UNUSED_VARIABLE = YES;
				IPHONEOS_DEPLOYMENT_TARGET = 3.0;
				SDKROOT = iphoneos;
			};
			name = Debug;
		};
		050DE7D91588719A00966FD7 /* Release */ = {
			isa = XCBuildConfiguration;
			buildSettings = {
				ALWAYS_SEARCH_USER_PATHS = NO;
				ARCHS = (
					armv6,
					"$(ARCHS_STANDARD_32_BIT)",
				);
				"CODE_SIGN_IDENTITY[sdk=iphoneos*]" = "iPhone Developer";
				COPY_PHASE_STRIP = YES;
				GCC_C_LANGUAGE_STANDARD = gnu99;
				GCC_VERSION = com.apple.compilers.llvm.clang.1_0;
				GCC_WARN_ABOUT_RETURN_TYPE = YES;
				GCC_WARN_UNINITIALIZED_AUTOS = YES;
				GCC_WARN_UNUSED_VARIABLE = YES;
				IPHONEOS_DEPLOYMENT_TARGET = 3.0;
				SDKROOT = iphoneos;
				VALIDATE_PRODUCT = YES;
			};
			name = Release;
		};
		050DE7DB1588719A00966FD7 /* Debug */ = {
			isa = XCBuildConfiguration;
			buildSettings = {
				ALWAYS_SEARCH_USER_PATHS = YES;
				COPY_PHASE_STRIP = NO;
				FRAMEWORK_SEARCH_PATHS = /Users/Shared/Cordova/Frameworks;
				GCC_DYNAMIC_NO_PIC = NO;
				GCC_PRECOMPILE_PREFIX_HEADER = YES;
				GCC_PREFIX_HEADER = "jqmcalculator-ios/jqmcalculator-ios-Prefix.pch";
				GCC_PREPROCESSOR_DEFINITIONS = (
					"DEBUG=1,",
					"CORDOVA_FRAMEWORK=1",
				);
				INFOPLIST_FILE = "jqmcalculator-ios/jqmcalculator-ios-Info.plist";
				OTHER_LDFLAGS = (
					"-weak_framework",
					UIKit,
					"-weak_framework",
					AVFoundation,
					"-weak_framework",
					CoreMedia,
					"-weak_library",
					/usr/lib/libSystem.B.dylib,
				);
				PRODUCT_NAME = "$(TARGET_NAME)";
				TARGETED_DEVICE_FAMILY = "1,2";
				WRAPPER_EXTENSION = app;
			};
			name = Debug;
		};
		050DE7DC1588719A00966FD7 /* Release */ = {
			isa = XCBuildConfiguration;
			buildSettings = {
				ALWAYS_SEARCH_USER_PATHS = YES;
				COPY_PHASE_STRIP = YES;
				DEBUG_INFORMATION_FORMAT = "dwarf-with-dsym";
				FRAMEWORK_SEARCH_PATHS = /Users/Shared/Cordova/Frameworks;
				GCC_PRECOMPILE_PREFIX_HEADER = YES;
				GCC_PREFIX_HEADER = "jqmcalculator-ios/jqmcalculator-ios-Prefix.pch";
				GCC_PREPROCESSOR_DEFINITIONS = (
					"NDEBUG=1,",
					"CORDOVA_FRAMEWORK=1",
				);
				INFOPLIST_FILE = "jqmcalculator-ios/jqmcalculator-ios-Info.plist";
				OTHER_LDFLAGS = (
					"-weak_framework",
					UIKit,
					"-weak_framework",
					AVFoundation,
					"-weak_framework",
					CoreMedia,
					"-weak_library",
					/usr/lib/libSystem.B.dylib,
				);
				PRODUCT_NAME = "$(TARGET_NAME)";
				TARGETED_DEVICE_FAMILY = "1,2";
				VALIDATE_PRODUCT = YES;
				WRAPPER_EXTENSION = app;
			};
			name = Release;
		};
/* End XCBuildConfiguration section */

/* Begin XCConfigurationList section */
		050DE7781588719900966FD7 /* Build configuration list for PBXProject "jqmcalculator-ios" */ = {
			isa = XCConfigurationList;
			buildConfigurations = (
				050DE7D81588719A00966FD7 /* Debug */,
				050DE7D91588719A00966FD7 /* Release */,
			);
			defaultConfigurationIsVisible = 0;
			defaultConfigurationName = Release;
		};
		050DE7DA1588719A00966FD7 /* Build configuration list for PBXNativeTarget "jqmcalculator-ios" */ = {
			isa = XCConfigurationList;
			buildConfigurations = (
				050DE7DB1588719A00966FD7 /* Debug */,
				050DE7DC1588719A00966FD7 /* Release */,
			);
			defaultConfigurationIsVisible = 0;
		};
/* End XCConfigurationList section */
	};
	rootObject = 050DE7751588719900966FD7 /* Project object */;
}
